
Microsoft Visual Studio Solution File, Format Version 12.00
# Visual Studio 14
VisualStudioVersion = 14.0.24720.0
MinimumVisualStudioVersion = 10.0.40219.1
Project("{FAE04EC0-301F-11D3-BF4B-00C04F79EFBC}") = "codepipeline-test", "codepipeline-test\codepipeline-test.csproj", "{189CCE85-695B-4F60-B2EA-59475237AE04}"
EndProject
Project("{FAE04EC0-301F-11D3-BF4B-00C04F79EFBC}") = "codepipeline-test.Tests", "codepipeline-test.Tests\codepipeline-test.Tests.csproj", "{1A15ABB6-3AE1-412C-967F-5B2CEFD3145B}"
EndProject
Global
	GlobalSection(SolutionConfigurationPlatforms) = preSolution
		Debug|Any CPU = Debug|Any CPU
		Release|Any CPU = Release|Any CPU
	EndGlobalSection
	GlobalSection(ProjectConfigurationPlatforms) = postSolution
		{189CCE85-695B-4F60-B2EA-59475237AE04}.Debug|Any CPU.ActiveCfg = Debug|Any CPU
		{189CCE85-695B-4F60-B2EA-59475237AE04}.Debug|Any CPU.Build.0 = Debug|Any CPU
		{189CCE85-695B-4F60-B2EA-59475237AE04}.Release|Any CPU.ActiveCfg = Release|Any CPU
		{189CCE85-695B-4F60-B2EA-59475237AE04}.Release|Any CPU.Build.0 = Release|Any CPU
		{1A15ABB6-3AE1-412C-967F-5B2CEFD3145B}.Debug|Any CPU.ActiveCfg = Debug|Any CPU
		{1A15ABB6-3AE1-412C-967F-5B2CEFD3145B}.Debug|Any CPU.Build.0 = Debug|Any CPU
		{1A15ABB6-3AE1-412C-967F-5B2CEFD3145B}.Release|Any CPU.ActiveCfg = Release|Any CPU
		{1A15ABB6-3AE1-412C-967F-5B2CEFD3145B}.Release|Any CPU.Build.0 = Release|Any CPU
	EndGlobalSection
	GlobalSection(SolutionProperties) = preSolution
		HideSolutionNode = FALSE
	EndGlobalSection
EndGlobal
